
Microsoft Visual Studio Solution File, Format Version 12.00
# Visual Studio Version 16
VisualStudioVersion = 16.0.29102.190
MinimumVisualStudioVersion = 10.0.40219.1
Project("{FAE04EC0-301F-11D3-BF4B-00C04F79EFBC}") = "SolDec", "SolDec.csproj", "{527459A8-2189-452F-9159-386FFD9FDAAA}"
EndProject
Global
	GlobalSection(SolutionConfigurationPlatforms) = preSolution
		Debug|Any CPU = Debug|Any CPU
		Release|Any CPU = Release|Any CPU
	EndGlobalSection
	GlobalSection(ProjectConfigurationPlatforms) = postSolution
		{527459A8-2189-452F-9159-386FFD9FDAAA}.Debug|Any CPU.ActiveCfg = Debug|Any CPU
		{527459A8-2189-452F-9159-386FFD9FDAAA}.Debug|Any CPU.Build.0 = Debug|Any CPU
		{527459A8-2189-452F-9159-386FFD9FDAAA}.Release|Any CPU.ActiveCfg = Release|Any CPU
		{527459A8-2189-452F-9159-386FFD9FDAAA}.Release|Any CPU.Build.0 = Release|Any CPU
	EndGlobalSection
	GlobalSection(SolutionProperties) = preSolution
		HideSolutionNode = FALSE
	EndGlobalSection
	GlobalSection(ExtensibilityGlobals) = postSolution
		SolutionGuid = {853FBD39-F5EA-4F27-A93C-E1C1C4A891A7}
	EndGlobalSection
EndGlobal
